// !$*UTF8*$!
{
	archiveVersion = 1;
	classes = {
	};
	objectVersion = 56;
	objects = {

/* Begin PBXBuildFile section */
		D38DF6012AE1A74900BB15EC /* AppDelegate.swift in Sources */ = {isa = PBXBuildFile; fileRef = D38DF6002AE1A74900BB15EC /* AppDelegate.swift */; };
		D38DF6032AE1A74900BB15EC /* SceneDelegate.swift in Sources */ = {isa = PBXBuildFile; fileRef = D38DF6022AE1A74900BB15EC /* SceneDelegate.swift */; };
		D38DF60A2AE1A74900BB15EC /* Assets.xcassets in Resources */ = {isa = PBXBuildFile; fileRef = D38DF6092AE1A74900BB15EC /* Assets.xcassets */; };
		D38DF60D2AE1A74900BB15EC /* LaunchScreen.storyboard in Resources */ = {isa = PBXBuildFile; fileRef = D38DF60B2AE1A74900BB15EC /* LaunchScreen.storyboard */; };
		D38DF6152AE1AA1300BB15EC /* FeedViewController.swift in Sources */ = {isa = PBXBuildFile; fileRef = D38DF6142AE1AA1300BB15EC /* FeedViewController.swift */; };
		D39E91A32B28FD54006FA3D8 /* UIButton+Extension.swift in Sources */ = {isa = PBXBuildFile; fileRef = D39E91A22B28FD54006FA3D8 /* UIButton+Extension.swift */; };
		D39E91B22B2900F9006FA3D8 /* FeedButtonType.swift in Sources */ = {isa = PBXBuildFile; fileRef = D39E91B12B2900F9006FA3D8 /* FeedButtonType.swift */; };
		D39E91B42B2A34B0006FA3D8 /* UIColor+Extension.swift in Sources */ = {isa = PBXBuildFile; fileRef = D39E91B32B2A34B0006FA3D8 /* UIColor+Extension.swift */; };
		D39EDEC62B08C71400E0696B /* String+Extension.swift in Sources */ = {isa = PBXBuildFile; fileRef = D39EDEC52B08C71400E0696B /* String+Extension.swift */; };
		D3C3D9A02AF2E498008A633E /* ImageEditorViewController.swift in Sources */ = {isa = PBXBuildFile; fileRef = D3C3D99F2AF2E498008A633E /* ImageEditorViewController.swift */; };
		D3C3D9A22AF2ED0F008A633E /* VideoEditorViewController.swift in Sources */ = {isa = PBXBuildFile; fileRef = D3C3D9A12AF2ED0F008A633E /* VideoEditorViewController.swift */; };
/* End PBXBuildFile section */

/* Begin PBXFileReference section */
		D38DF5FD2AE1A74900BB15EC /* PVEditor.app */ = {isa = PBXFileReference; explicitFileType = wrapper.application; includeInIndex = 0; path = PVEditor.app; sourceTree = BUILT_PRODUCTS_DIR; };
		D38DF6002AE1A74900BB15EC /* AppDelegate.swift */ = {isa = PBXFileReference; lastKnownFileType = sourcecode.swift; path = AppDelegate.swift; sourceTree = "<group>"; };
		D38DF6022AE1A74900BB15EC /* SceneDelegate.swift */ = {isa = PBXFileReference; lastKnownFileType = sourcecode.swift; path = SceneDelegate.swift; sourceTree = "<group>"; };
		D38DF6092AE1A74900BB15EC /* Assets.xcassets */ = {isa = PBXFileReference; lastKnownFileType = folder.assetcatalog; path = Assets.xcassets; sourceTree = "<group>"; };
		D38DF60C2AE1A74900BB15EC /* Base */ = {isa = PBXFileReference; lastKnownFileType = file.storyboard; name = Base; path = Base.lproj/LaunchScreen.storyboard; sourceTree = "<group>"; };
		D38DF60E2AE1A74900BB15EC /* Info.plist */ = {isa = PBXFileReference; lastKnownFileType = text.plist.xml; path = Info.plist; sourceTree = "<group>"; };
		D38DF6142AE1AA1300BB15EC /* FeedViewController.swift */ = {isa = PBXFileReference; lastKnownFileType = sourcecode.swift; path = FeedViewController.swift; sourceTree = "<group>"; };
		D39E91A22B28FD54006FA3D8 /* UIButton+Extension.swift */ = {isa = PBXFileReference; lastKnownFileType = sourcecode.swift; path = "UIButton+Extension.swift"; sourceTree = "<group>"; };
		D39E91B12B2900F9006FA3D8 /* FeedButtonType.swift */ = {isa = PBXFileReference; lastKnownFileType = sourcecode.swift; path = FeedButtonType.swift; sourceTree = "<group>"; };
		D39E91B32B2A34B0006FA3D8 /* UIColor+Extension.swift */ = {isa = PBXFileReference; lastKnownFileType = sourcecode.swift; path = "UIColor+Extension.swift"; sourceTree = "<group>"; };
		D39EDEC52B08C71400E0696B /* String+Extension.swift */ = {isa = PBXFileReference; lastKnownFileType = sourcecode.swift; path = "String+Extension.swift"; sourceTree = "<group>"; };
		D3C3D99F2AF2E498008A633E /* ImageEditorViewController.swift */ = {isa = PBXFileReference; lastKnownFileType = sourcecode.swift; path = ImageEditorViewController.swift; sourceTree = "<group>"; };
		D3C3D9A12AF2ED0F008A633E /* VideoEditorViewController.swift */ = {isa = PBXFileReference; lastKnownFileType = sourcecode.swift; path = VideoEditorViewController.swift; sourceTree = "<group>"; };
/* End PBXFileReference section */

/* Begin PBXFrameworksBuildPhase section */
		D38DF5FA2AE1A74900BB15EC /* Frameworks */ = {
			isa = PBXFrameworksBuildPhase;
			buildActionMask = 2147483647;
			files = (
			);
			runOnlyForDeploymentPostprocessing = 0;
		};
/* End PBXFrameworksBuildPhase section */

/* Begin PBXGroup section */
		D371238A2AFE681F00C18F85 /* Extensions */ = {
			isa = PBXGroup;
			children = (
				D39EDEC52B08C71400E0696B /* String+Extension.swift */,
				D39E91A22B28FD54006FA3D8 /* UIButton+Extension.swift */,
				D39E91B32B2A34B0006FA3D8 /* UIColor+Extension.swift */,
			);
			path = Extensions;
			sourceTree = "<group>";
		};
		D38DF5F42AE1A74900BB15EC = {
			isa = PBXGroup;
			children = (
				D38DF5FF2AE1A74900BB15EC /* PVEditor */,
				D38DF5FE2AE1A74900BB15EC /* Products */,
			);
			sourceTree = "<group>";
		};
		D38DF5FE2AE1A74900BB15EC /* Products */ = {
			isa = PBXGroup;
			children = (
				D38DF5FD2AE1A74900BB15EC /* PVEditor.app */,
			);
			name = Products;
			sourceTree = "<group>";
		};
		D38DF5FF2AE1A74900BB15EC /* PVEditor */ = {
			isa = PBXGroup;
			children = (
				D39E91B02B2900D3006FA3D8 /* VideoEditor */,
				D39E91AF2B2900C1006FA3D8 /* ImageEditor */,
				D39E91AE2B2900B2006FA3D8 /* Feed */,
				D39E91AD2B2900A3006FA3D8 /* Storyboards */,
				D39E91AC2B290086006FA3D8 /* Media */,
				D39E91AB2B290037006FA3D8 /* General */,
				D371238A2AFE681F00C18F85 /* Extensions */,
				D38DF60E2AE1A74900BB15EC /* Info.plist */,
			);
			path = PVEditor;
			sourceTree = "<group>";
		};
		D39E91AB2B290037006FA3D8 /* General */ = {
			isa = PBXGroup;
			children = (
				D38DF6022AE1A74900BB15EC /* SceneDelegate.swift */,
				D38DF6002AE1A74900BB15EC /* AppDelegate.swift */,
			);
			path = General;
			sourceTree = "<group>";
		};
		D39E91AC2B290086006FA3D8 /* Media */ = {
			isa = PBXGroup;
			children = (
				D38DF6092AE1A74900BB15EC /* Assets.xcassets */,
			);
			path = Media;
			sourceTree = "<group>";
		};
		D39E91AD2B2900A3006FA3D8 /* Storyboards */ = {
			isa = PBXGroup;
			children = (
				D38DF60B2AE1A74900BB15EC /* LaunchScreen.storyboard */,
			);
			path = Storyboards;
			sourceTree = "<group>";
		};
		D39E91AE2B2900B2006FA3D8 /* Feed */ = {
			isa = PBXGroup;
			children = (
				D38DF6142AE1AA1300BB15EC /* FeedViewController.swift */,
				D39E91B12B2900F9006FA3D8 /* FeedButtonType.swift */,
			);
			path = Feed;
			sourceTree = "<group>";
		};
		D39E91AF2B2900C1006FA3D8 /* ImageEditor */ = {
			isa = PBXGroup;
			children = (
				D3C3D99F2AF2E498008A633E /* ImageEditorViewController.swift */,
			);
			path = ImageEditor;
			sourceTree = "<group>";
		};
		D39E91B02B2900D3006FA3D8 /* VideoEditor */ = {
			isa = PBXGroup;
			children = (
				D3C3D9A12AF2ED0F008A633E /* VideoEditorViewController.swift */,
			);
			path = VideoEditor;
			sourceTree = "<group>";
		};
/* End PBXGroup section */

/* Begin PBXNativeTarget section */
		D38DF5FC2AE1A74900BB15EC /* PVEditor */ = {
			isa = PBXNativeTarget;
			buildConfigurationList = D38DF6112AE1A74900BB15EC /* Build configuration list for PBXNativeTarget "PVEditor" */;
			buildPhases = (
				D38DF5F92AE1A74900BB15EC /* Sources */,
				D38DF5FA2AE1A74900BB15EC /* Frameworks */,
				D38DF5FB2AE1A74900BB15EC /* Resources */,
			);
			buildRules = (
			);
			dependencies = (
			);
			name = PVEditor;
			productName = PVEditor;
			productReference = D38DF5FD2AE1A74900BB15EC /* PVEditor.app */;
			productType = "com.apple.product-type.application";
		};
/* End PBXNativeTarget section */

/* Begin PBXProject section */
		D38DF5F52AE1A74900BB15EC /* Project object */ = {
			isa = PBXProject;
			attributes = {
				BuildIndependentTargetsInParallel = 1;
				LastSwiftUpdateCheck = 1500;
				LastUpgradeCheck = 1500;
				TargetAttributes = {
					D38DF5FC2AE1A74900BB15EC = {
						CreatedOnToolsVersion = 15.0;
					};
				};
			};
			buildConfigurationList = D38DF5F82AE1A74900BB15EC /* Build configuration list for PBXProject "PVEditor" */;
			compatibilityVersion = "Xcode 14.0";
			developmentRegion = en;
			hasScannedForEncodings = 0;
			knownRegions = (
				en,
				Base,
			);
			mainGroup = D38DF5F42AE1A74900BB15EC;
			productRefGroup = D38DF5FE2AE1A74900BB15EC /* Products */;
			projectDirPath = "";
			projectRoot = "";
			targets = (
				D38DF5FC2AE1A74900BB15EC /* PVEditor */,
			);
		};
/* End PBXProject section */

/* Begin PBXResourcesBuildPhase section */
		D38DF5FB2AE1A74900BB15EC /* Resources */ = {
			isa = PBXResourcesBuildPhase;
			buildActionMask = 2147483647;
			files = (
				D38DF60D2AE1A74900BB15EC /* LaunchScreen.storyboard in Resources */,
				D38DF60A2AE1A74900BB15EC /* Assets.xcassets in Resources */,
			);
			runOnlyForDeploymentPostprocessing = 0;
		};
/* End PBXResourcesBuildPhase section */

/* Begin PBXSourcesBuildPhase section */
		D38DF5F92AE1A74900BB15EC /* Sources */ = {
			isa = PBXSourcesBuildPhase;
			buildActionMask = 2147483647;
			files = (
				D3C3D9A02AF2E498008A633E /* ImageEditorViewController.swift in Sources */,
				D39E91A32B28FD54006FA3D8 /* UIButton+Extension.swift in Sources */,
				D38DF6012AE1A74900BB15EC /* AppDelegate.swift in Sources */,
				D38DF6152AE1AA1300BB15EC /* FeedViewController.swift in Sources */,
				D39EDEC62B08C71400E0696B /* String+Extension.swift in Sources */,
				D3C3D9A22AF2ED0F008A633E /* VideoEditorViewController.swift in Sources */,
				D39E91B22B2900F9006FA3D8 /* FeedButtonType.swift in Sources */,
				D38DF6032AE1A74900BB15EC /* SceneDelegate.swift in Sources */,
				D39E91B42B2A34B0006FA3D8 /* UIColor+Extension.swift in Sources */,
			);
			runOnlyForDeploymentPostprocessing = 0;
		};
/* End PBXSourcesBuildPhase section */

/* Begin PBXVariantGroup section */
		D38DF60B2AE1A74900BB15EC /* LaunchScreen.storyboard */ = {
			isa = PBXVariantGroup;
			children = (
				D38DF60C2AE1A74900BB15EC /* Base */,
			);
			name = LaunchScreen.storyboard;
			sourceTree = "<group>";
		};
/* End PBXVariantGroup section */

/* Begin XCBuildConfiguration section */
		D38DF60F2AE1A74900BB15EC /* Debug */ = {
			isa = XCBuildConfiguration;
			buildSettings = {
				ALWAYS_SEARCH_USER_PATHS = NO;
				ASSETCATALOG_COMPILER_GENERATE_SWIFT_ASSET_SYMBOL_EXTENSIONS = YES;
				CLANG_ANALYZER_NONNULL = YES;
				CLANG_ANALYZER_NUMBER_OBJECT_CONVERSION = YES_AGGRESSIVE;
				CLANG_CXX_LANGUAGE_STANDARD = "gnu++20";
				CLANG_ENABLE_MODULES = YES;
				CLANG_ENABLE_OBJC_ARC = YES;
				CLANG_ENABLE_OBJC_WEAK = YES;
				CLANG_WARN_BLOCK_CAPTURE_AUTORELEASING = YES;
				CLANG_WARN_BOOL_CONVERSION = YES;
				CLANG_WARN_COMMA = YES;
				CLANG_WARN_CONSTANT_CONVERSION = YES;
				CLANG_WARN_DEPRECATED_OBJC_IMPLEMENTATIONS = YES;
				CLANG_WARN_DIRECT_OBJC_ISA_USAGE = YES_ERROR;
				CLANG_WARN_DOCUMENTATION_COMMENTS = YES;
				CLANG_WARN_EMPTY_BODY = YES;
				CLANG_WARN_ENUM_CONVERSION = YES;
				CLANG_WARN_INFINITE_RECURSION = YES;
				CLANG_WARN_INT_CONVERSION = YES;
				CLANG_WARN_NON_LITERAL_NULL_CONVERSION = YES;
				CLANG_WARN_OBJC_IMPLICIT_RETAIN_SELF = YES;
				CLANG_WARN_OBJC_LITERAL_CONVERSION = YES;
				CLANG_WARN_OBJC_ROOT_CLASS = YES_ERROR;
				CLANG_WARN_QUOTED_INCLUDE_IN_FRAMEWORK_HEADER = YES;
				CLANG_WARN_RANGE_LOOP_ANALYSIS = YES;
				CLANG_WARN_STRICT_PROTOTYPES = YES;
				CLANG_WARN_SUSPICIOUS_MOVE = YES;
				CLANG_WARN_UNGUARDED_AVAILABILITY = YES_AGGRESSIVE;
				CLANG_WARN_UNREACHABLE_CODE = YES;
				CLANG_WARN__DUPLICATE_METHOD_MATCH = YES;
				COPY_PHASE_STRIP = NO;
				DEBUG_INFORMATION_FORMAT = dwarf;
				ENABLE_STRICT_OBJC_MSGSEND = YES;
				ENABLE_TESTABILITY = YES;
				ENABLE_USER_SCRIPT_SANDBOXING = YES;
				GCC_C_LANGUAGE_STANDARD = gnu17;
				GCC_DYNAMIC_NO_PIC = NO;
				GCC_NO_COMMON_BLOCKS = YES;
				GCC_OPTIMIZATION_LEVEL = 0;
				GCC_PREPROCESSOR_DEFINITIONS = (
					"DEBUG=1",
					"$(inherited)",
				);
				GCC_WARN_64_TO_32_BIT_CONVERSION = YES;
				GCC_WARN_ABOUT_RETURN_TYPE = YES_ERROR;
				GCC_WARN_UNDECLARED_SELECTOR = YES;
				GCC_WARN_UNINITIALIZED_AUTOS = YES_AGGRESSIVE;
				GCC_WARN_UNUSED_FUNCTION = YES;
				GCC_WARN_UNUSED_VARIABLE = YES;
				IPHONEOS_DEPLOYMENT_TARGET = 17.0;
				LOCALIZATION_PREFERS_STRING_CATALOGS = YES;
				MTL_ENABLE_DEBUG_INFO = INCLUDE_SOURCE;
				MTL_FAST_MATH = YES;
				ONLY_ACTIVE_ARCH = YES;
				SDKROOT = iphoneos;
				SWIFT_ACTIVE_COMPILATION_CONDITIONS = "DEBUG $(inherited)";
				SWIFT_OPTIMIZATION_LEVEL = "-Onone";
			};
			name = Debug;
		};
		D38DF6102AE1A74900BB15EC /* Release */ = {
			isa = XCBuildConfiguration;
			buildSettings = {
				ALWAYS_SEARCH_USER_PATHS = NO;
				ASSETCATALOG_COMPILER_GENERATE_SWIFT_ASSET_SYMBOL_EXTENSIONS = YES;
				CLANG_ANALYZER_NONNULL = YES;
				CLANG_ANALYZER_NUMBER_OBJECT_CONVERSION = YES_AGGRESSIVE;
				CLANG_CXX_LANGUAGE_STANDARD = "gnu++20";
				CLANG_ENABLE_MODULES = YES;
				CLANG_ENABLE_OBJC_ARC = YES;
				CLANG_ENABLE_OBJC_WEAK = YES;
				CLANG_WARN_BLOCK_CAPTURE_AUTORELEASING = YES;
				CLANG_WARN_BOOL_CONVERSION = YES;
				CLANG_WARN_COMMA = YES;
				CLANG_WARN_CONSTANT_CONVERSION = YES;
				CLANG_WARN_DEPRECATED_OBJC_IMPLEMENTATIONS = YES;
				CLANG_WARN_DIRECT_OBJC_ISA_USAGE = YES_ERROR;
				CLANG_WARN_DOCUMENTATION_COMMENTS = YES;
				CLANG_WARN_EMPTY_BODY = YES;
				CLANG_WARN_ENUM_CONVERSION = YES;
				CLANG_WARN_INFINITE_RECURSION = YES;
				CLANG_WARN_INT_CONVERSION = YES;
				CLANG_WARN_NON_LITERAL_NULL_CONVERSION = YES;
				CLANG_WARN_OBJC_IMPLICIT_RETAIN_SELF = YES;
				CLANG_WARN_OBJC_LITERAL_CONVERSION = YES;
				CLANG_WARN_OBJC_ROOT_CLASS = YES_ERROR;
				CLANG_WARN_QUOTED_INCLUDE_IN_FRAMEWORK_HEADER = YES;
				CLANG_WARN_RANGE_LOOP_ANALYSIS = YES;
				CLANG_WARN_STRICT_PROTOTYPES = YES;
				CLANG_WARN_SUSPICIOUS_MOVE = YES;
				CLANG_WARN_UNGUARDED_AVAILABILITY = YES_AGGRESSIVE;
				CLANG_WARN_UNREACHABLE_CODE = YES;
				CLANG_WARN__DUPLICATE_METHOD_MATCH = YES;
				COPY_PHASE_STRIP = NO;
				DEBUG_INFORMATION_FORMAT = "dwarf-with-dsym";
				ENABLE_NS_ASSERTIONS = NO;
				ENABLE_STRICT_OBJC_MSGSEND = YES;
				ENABLE_USER_SCRIPT_SANDBOXING = YES;
				GCC_C_LANGUAGE_STANDARD = gnu17;
				GCC_NO_COMMON_BLOCKS = YES;
				GCC_WARN_64_TO_32_BIT_CONVERSION = YES;
				GCC_WARN_ABOUT_RETURN_TYPE = YES_ERROR;
				GCC_WARN_UNDECLARED_SELECTOR = YES;
				GCC_WARN_UNINITIALIZED_AUTOS = YES_AGGRESSIVE;
				GCC_WARN_UNUSED_FUNCTION = YES;
				GCC_WARN_UNUSED_VARIABLE = YES;
				IPHONEOS_DEPLOYMENT_TARGET = 17.0;
				LOCALIZATION_PREFERS_STRING_CATALOGS = YES;
				MTL_ENABLE_DEBUG_INFO = NO;
				MTL_FAST_MATH = YES;
				SDKROOT = iphoneos;
				SWIFT_COMPILATION_MODE = wholemodule;
				VALIDATE_PRODUCT = YES;
			};
			name = Release;
		};
		D38DF6122AE1A74900BB15EC /* Debug */ = {
			isa = XCBuildConfiguration;
			buildSettings = {
				ASSETCATALOG_COMPILER_APPICON_NAME = AppIcon;
				ASSETCATALOG_COMPILER_GLOBAL_ACCENT_COLOR_NAME = AccentColor;
				CODE_SIGN_STYLE = Automatic;
				CURRENT_PROJECT_VERSION = 1;
				DEVELOPMENT_TEAM = V57K6D8W6N;
				GENERATE_INFOPLIST_FILE = YES;
				INFOPLIST_FILE = PVEditor/Info.plist;
				INFOPLIST_KEY_UIApplicationSupportsIndirectInputEvents = YES;
				INFOPLIST_KEY_UILaunchStoryboardName = LaunchScreen;
				INFOPLIST_KEY_UISupportedInterfaceOrientations_iPad = "UIInterfaceOrientationPortrait UIInterfaceOrientationPortraitUpsideDown UIInterfaceOrientationLandscapeLeft UIInterfaceOrientationLandscapeRight";
				INFOPLIST_KEY_UISupportedInterfaceOrientations_iPhone = "UIInterfaceOrientationPortrait UIInterfaceOrientationLandscapeLeft UIInterfaceOrientationLandscapeRight";
				LD_RUNPATH_SEARCH_PATHS = (
					"$(inherited)",
					"@executable_path/Frameworks",
				);
				MARKETING_VERSION = 1.0;
				PRODUCT_BUNDLE_IDENTIFIER = com.PVEditor;
				PRODUCT_NAME = "$(TARGET_NAME)";
				SWIFT_EMIT_LOC_STRINGS = YES;
				SWIFT_VERSION = 5.0;
				TARGETED_DEVICE_FAMILY = "1,2";
			};
			name = Debug;
		};
		D38DF6132AE1A74900BB15EC /* Release */ = {
			isa = XCBuildConfiguration;
			buildSettings = {
				ASSETCATALOG_COMPILER_APPICON_NAME = AppIcon;
				ASSETCATALOG_COMPILER_GLOBAL_ACCENT_COLOR_NAME = AccentColor;
				CODE_SIGN_STYLE = Automatic;
				CURRENT_PROJECT_VERSION = 1;
				DEVELOPMENT_TEAM = V57K6D8W6N;
				GENERATE_INFOPLIST_FILE = YES;
				INFOPLIST_FILE = PVEditor/Info.plist;
				INFOPLIST_KEY_UIApplicationSupportsIndirectInputEvents = YES;
				INFOPLIST_KEY_UILaunchStoryboardName = LaunchScreen;
				INFOPLIST_KEY_UISupportedInterfaceOrientations_iPad = "UIInterfaceOrientationPortrait UIInterfaceOrientationPortraitUpsideDown UIInterfaceOrientationLandscapeLeft UIInterfaceOrientationLandscapeRight";
				INFOPLIST_KEY_UISupportedInterfaceOrientations_iPhone = "UIInterfaceOrientationPortrait UIInterfaceOrientationLandscapeLeft UIInterfaceOrientationLandscapeRight";
				LD_RUNPATH_SEARCH_PATHS = (
					"$(inherited)",
					"@executable_path/Frameworks",
				);
				MARKETING_VERSION = 1.0;
				PRODUCT_BUNDLE_IDENTIFIER = com.PVEditor;
				PRODUCT_NAME = "$(TARGET_NAME)";
				SWIFT_EMIT_LOC_STRINGS = YES;
				SWIFT_VERSION = 5.0;
				TARGETED_DEVICE_FAMILY = "1,2";
			};
			name = Release;
		};
/* End XCBuildConfiguration section */

/* Begin XCConfigurationList section */
		D38DF5F82AE1A74900BB15EC /* Build configuration list for PBXProject "PVEditor" */ = {
			isa = XCConfigurationList;
			buildConfigurations = (
				D38DF60F2AE1A74900BB15EC /* Debug */,
				D38DF6102AE1A74900BB15EC /* Release */,
			);
			defaultConfigurationIsVisible = 0;
			defaultConfigurationName = Release;
		};
		D38DF6112AE1A74900BB15EC /* Build configuration list for PBXNativeTarget "PVEditor" */ = {
			isa = XCConfigurationList;
			buildConfigurations = (
				D38DF6122AE1A74900BB15EC /* Debug */,
				D38DF6132AE1A74900BB15EC /* Release */,
			);
			defaultConfigurationIsVisible = 0;
			defaultConfigurationName = Release;
		};
/* End XCConfigurationList section */
	};
	rootObject = D38DF5F52AE1A74900BB15EC /* Project object */;
}
